
Microsoft Visual Studio Solution File, Format Version 12.00
# Visual Studio Version 17
VisualStudioVersion = 17.3.32819.101
MinimumVisualStudioVersion = 10.0.40219.1
Project("{FAE04EC0-301F-11D3-BF4B-00C04F79EFBC}") = "Hash Table", "Hash Table.csproj", "{DF34065E-5C27-4C4A-A4E6-7F552FE7ADEC}"
EndProject
Global
	GlobalSection(SolutionConfigurationPlatforms) = preSolution
		Debug|Any CPU = Debug|Any CPU
		Release|Any CPU = Release|Any CPU
	EndGlobalSection
	GlobalSection(ProjectConfigurationPlatforms) = postSolution
		{DF34065E-5C27-4C4A-A4E6-7F552FE7ADEC}.Debug|Any CPU.ActiveCfg = Debug|Any CPU
		{DF34065E-5C27-4C4A-A4E6-7F552FE7ADEC}.Debug|Any CPU.Build.0 = Debug|Any CPU
		{DF34065E-5C27-4C4A-A4E6-7F552FE7ADEC}.Release|Any CPU.ActiveCfg = Release|Any CPU
		{DF34065E-5C27-4C4A-A4E6-7F552FE7ADEC}.Release|Any CPU.Build.0 = Release|Any CPU
	EndGlobalSection
	GlobalSection(SolutionProperties) = preSolution
		HideSolutionNode = FALSE
	EndGlobalSection
	GlobalSection(ExtensibilityGlobals) = postSolution
		SolutionGuid = {FB0B76E9-1B63-4CC8-B4E7-A2CB2683BB0C}
	EndGlobalSection
EndGlobal
